// !$*UTF8*$!
{
	archiveVersion = 1;
	classes = {
	};
	objectVersion = 46;
	objects = {

/* Begin PBXBuildFile section */
		5B0AEF5D1DD61C7200018F09 /* profileScreen.swift in Sources */ = {isa = PBXBuildFile; fileRef = 5B0AEF5C1DD61C7200018F09 /* profileScreen.swift */; };
		5B0AEF5F1DD6476700018F09 /* mainScreenBefore.swift in Sources */ = {isa = PBXBuildFile; fileRef = 5B0AEF5E1DD6476700018F09 /* mainScreenBefore.swift */; };
		5B0AEF611DD6477600018F09 /* mainScreenAfter.swift in Sources */ = {isa = PBXBuildFile; fileRef = 5B0AEF601DD6477600018F09 /* mainScreenAfter.swift */; };
		5B0AEF661DD6A09900018F09 /* Main.storyboard in Resources */ = {isa = PBXBuildFile; fileRef = 5B0AEF641DD6A09900018F09 /* Main.storyboard */; };
		5B303D641DD7CC040029D931 /* periodsScreen.swift in Sources */ = {isa = PBXBuildFile; fileRef = 5B303D631DD7CC040029D931 /* periodsScreen.swift */; };
		5B4463B51DA2EACE00685365 /* AppDelegate.swift in Sources */ = {isa = PBXBuildFile; fileRef = 5B4463B41DA2EACE00685365 /* AppDelegate.swift */; };
		5B4463B71DA2EACE00685365 /* welcome.swift in Sources */ = {isa = PBXBuildFile; fileRef = 5B4463B61DA2EACE00685365 /* welcome.swift */; };
		5B4463BD1DA2EACE00685365 /* KnowYourProgress.xcdatamodeld in Sources */ = {isa = PBXBuildFile; fileRef = 5B4463BB1DA2EACE00685365 /* KnowYourProgress.xcdatamodeld */; };
		5B4463BF1DA2EACE00685365 /* Assets.xcassets in Resources */ = {isa = PBXBuildFile; fileRef = 5B4463BE1DA2EACE00685365 /* Assets.xcassets */; };
		5B4463C21DA2EACE00685365 /* LaunchScreen.storyboard in Resources */ = {isa = PBXBuildFile; fileRef = 5B4463C01DA2EACE00685365 /* LaunchScreen.storyboard */; };
		5B4463CD1DA2EACE00685365 /* KnowYourProgressTests.swift in Sources */ = {isa = PBXBuildFile; fileRef = 5B4463CC1DA2EACE00685365 /* KnowYourProgressTests.swift */; };
		5B4463D81DA2EACE00685365 /* KnowYourProgressUITests.swift in Sources */ = {isa = PBXBuildFile; fileRef = 5B4463D71DA2EACE00685365 /* KnowYourProgressUITests.swift */; };
		5B4463E61DA2EFB000685365 /* 489812_Pannonia.jpg in Resources */ = {isa = PBXBuildFile; fileRef = 5B4463E51DA2EFB000685365 /* 489812_Pannonia.jpg */; };
		5B4463EB1DA2FB5800685365 /* launchScreen.swift in Sources */ = {isa = PBXBuildFile; fileRef = 5B4463EA1DA2FB5800685365 /* launchScreen.swift */; };
		5B4463ED1DA315A300685365 /* register.swift in Sources */ = {isa = PBXBuildFile; fileRef = 5B4463EC1DA315A300685365 /* register.swift */; };
		5B45093C1DD5157E00BC1486 /* detailviewScreen.swift in Sources */ = {isa = PBXBuildFile; fileRef = 5B45093B1DD5157E00BC1486 /* detailviewScreen.swift */; };
		5B72F7C11DDB693900BD4AC9 /* detailviewbeforeScreen.swift in Sources */ = {isa = PBXBuildFile; fileRef = 5B72F7C01DDB693900BD4AC9 /* detailviewbeforeScreen.swift */; };
		5B72F7C31DDB694A00BD4AC9 /* detailviewafterScreen.swift in Sources */ = {isa = PBXBuildFile; fileRef = 5B72F7C21DDB694A00BD4AC9 /* detailviewafterScreen.swift */; };
		5B72F7C51DDF0D2600BD4AC9 /* mernokinfoPreCons.plist in Resources */ = {isa = PBXBuildFile; fileRef = 5B72F7C41DDF0D2600BD4AC9 /* mernokinfoPreCons.plist */; };
		5B72F7C71DE0C38800BD4AC9 /* proginfoPreCons.plist in Resources */ = {isa = PBXBuildFile; fileRef = 5B72F7C61DE0C38800BD4AC9 /* proginfoPreCons.plist */; };
		5B72F7C91DE0C39700BD4AC9 /* gazdinfoPreCons.plist in Resources */ = {isa = PBXBuildFile; fileRef = 5B72F7C81DE0C39700BD4AC9 /* gazdinfoPreCons.plist */; };
		5BC2B0961DD4AB5D004562C2 /* mainScreen.swift in Sources */ = {isa = PBXBuildFile; fileRef = 5BC2B0951DD4AB5D004562C2 /* mainScreen.swift */; };
		5BC2B0981DD4ABD6004562C2 /* mernokinfoData.plist in Resources */ = {isa = PBXBuildFile; fileRef = 5BC2B0971DD4ABD6004562C2 /* mernokinfoData.plist */; };
		5BC2B09B1DD4BA49004562C2 /* proginfoData.plist in Resources */ = {isa = PBXBuildFile; fileRef = 5BC2B09A1DD4BA49004562C2 /* proginfoData.plist */; };
		5BC2B09D1DD4BA58004562C2 /* gazdinfoData.plist in Resources */ = {isa = PBXBuildFile; fileRef = 5BC2B09C1DD4BA58004562C2 /* gazdinfoData.plist */; };
/* End PBXBuildFile section */

/* Begin PBXContainerItemProxy section */
		5B4463C91DA2EACE00685365 /* PBXContainerItemProxy */ = {
			isa = PBXContainerItemProxy;
			containerPortal = 5B4463A91DA2EACD00685365 /* Project object */;
			proxyType = 1;
			remoteGlobalIDString = 5B4463B01DA2EACE00685365;
			remoteInfo = KnowYourProgress;
		};
		5B4463D41DA2EACE00685365 /* PBXContainerItemProxy */ = {
			isa = PBXContainerItemProxy;
			containerPortal = 5B4463A91DA2EACD00685365 /* Project object */;
			proxyType = 1;
			remoteGlobalIDString = 5B4463B01DA2EACE00685365;
			remoteInfo = KnowYourProgress;
		};
/* End PBXContainerItemProxy section */

/* Begin PBXCopyFilesBuildPhase section */
		5B0C12D51DAFA38700B25C9D /* Embed Frameworks */ = {
			isa = PBXCopyFilesBuildPhase;
			buildActionMask = 2147483647;
			dstPath = "";
			dstSubfolderSpec = 10;
			files = (
			);
			name = "Embed Frameworks";
			runOnlyForDeploymentPostprocessing = 0;
		};
/* End PBXCopyFilesBuildPhase section */

/* Begin PBXFileReference section */
		5B0AEF5C1DD61C7200018F09 /* profileScreen.swift */ = {isa = PBXFileReference; fileEncoding = 4; lastKnownFileType = sourcecode.swift; path = profileScreen.swift; sourceTree = "<group>"; };
		5B0AEF5E1DD6476700018F09 /* mainScreenBefore.swift */ = {isa = PBXFileReference; fileEncoding = 4; lastKnownFileType = sourcecode.swift; path = mainScreenBefore.swift; sourceTree = "<group>"; };
		5B0AEF601DD6477600018F09 /* mainScreenAfter.swift */ = {isa = PBXFileReference; fileEncoding = 4; lastKnownFileType = sourcecode.swift; path = mainScreenAfter.swift; sourceTree = "<group>"; };
		5B0AEF651DD6A09900018F09 /* Base */ = {isa = PBXFileReference; lastKnownFileType = file.storyboard; name = Base; path = KnowYourProgress/Base.lproj/Main.storyboard; sourceTree = "<group>"; };
		5B303D631DD7CC040029D931 /* periodsScreen.swift */ = {isa = PBXFileReference; fileEncoding = 4; lastKnownFileType = sourcecode.swift; path = periodsScreen.swift; sourceTree = "<group>"; };
		5B4463B11DA2EACE00685365 /* KnowYourProgress.app */ = {isa = PBXFileReference; explicitFileType = wrapper.application; includeInIndex = 0; path = KnowYourProgress.app; sourceTree = BUILT_PRODUCTS_DIR; };
		5B4463B41DA2EACE00685365 /* AppDelegate.swift */ = {isa = PBXFileReference; lastKnownFileType = sourcecode.swift; path = AppDelegate.swift; sourceTree = "<group>"; };
		5B4463B61DA2EACE00685365 /* welcome.swift */ = {isa = PBXFileReference; lastKnownFileType = sourcecode.swift; path = welcome.swift; sourceTree = "<group>"; };
		5B4463BC1DA2EACE00685365 /* KnowYourProgress.xcdatamodel */ = {isa = PBXFileReference; lastKnownFileType = wrapper.xcdatamodel; path = KnowYourProgress.xcdatamodel; sourceTree = "<group>"; };
		5B4463BE1DA2EACE00685365 /* Assets.xcassets */ = {isa = PBXFileReference; lastKnownFileType = folder.assetcatalog; path = Assets.xcassets; sourceTree = "<group>"; };
		5B4463C11DA2EACE00685365 /* Base */ = {isa = PBXFileReference; lastKnownFileType = file.storyboard; name = Base; path = Base.lproj/LaunchScreen.storyboard; sourceTree = "<group>"; };
		5B4463C31DA2EACE00685365 /* Info.plist */ = {isa = PBXFileReference; lastKnownFileType = text.plist.xml; path = Info.plist; sourceTree = "<group>"; };
		5B4463C81DA2EACE00685365 /* KnowYourProgressTests.xctest */ = {isa = PBXFileReference; explicitFileType = wrapper.cfbundle; includeInIndex = 0; path = KnowYourProgressTests.xctest; sourceTree = BUILT_PRODUCTS_DIR; };
		5B4463CC1DA2EACE00685365 /* KnowYourProgressTests.swift */ = {isa = PBXFileReference; lastKnownFileType = sourcecode.swift; path = KnowYourProgressTests.swift; sourceTree = "<group>"; };
		5B4463CE1DA2EACE00685365 /* Info.plist */ = {isa = PBXFileReference; lastKnownFileType = text.plist.xml; path = Info.plist; sourceTree = "<group>"; };
		5B4463D31DA2EACE00685365 /* KnowYourProgressUITests.xctest */ = {isa = PBXFileReference; explicitFileType = wrapper.cfbundle; includeInIndex = 0; path = KnowYourProgressUITests.xctest; sourceTree = BUILT_PRODUCTS_DIR; };
		5B4463D71DA2EACE00685365 /* KnowYourProgressUITests.swift */ = {isa = PBXFileReference; lastKnownFileType = sourcecode.swift; path = KnowYourProgressUITests.swift; sourceTree = "<group>"; };
		5B4463D91DA2EACE00685365 /* Info.plist */ = {isa = PBXFileReference; lastKnownFileType = text.plist.xml; path = Info.plist; sourceTree = "<group>"; };
		5B4463E51DA2EFB000685365 /* 489812_Pannonia.jpg */ = {isa = PBXFileReference; lastKnownFileType = image.jpeg; name = 489812_Pannonia.jpg; path = ../../../Downloads/489812_Pannonia.jpg; sourceTree = "<group>"; };
		5B4463EA1DA2FB5800685365 /* launchScreen.swift */ = {isa = PBXFileReference; fileEncoding = 4; lastKnownFileType = sourcecode.swift; path = launchScreen.swift; sourceTree = "<group>"; };
		5B4463EC1DA315A300685365 /* register.swift */ = {isa = PBXFileReference; fileEncoding = 4; lastKnownFileType = sourcecode.swift; path = register.swift; sourceTree = "<group>"; };
		5B45093B1DD5157E00BC1486 /* detailviewScreen.swift */ = {isa = PBXFileReference; fileEncoding = 4; lastKnownFileType = sourcecode.swift; path = detailviewScreen.swift; sourceTree = "<group>"; };
		5B72F7C01DDB693900BD4AC9 /* detailviewbeforeScreen.swift */ = {isa = PBXFileReference; fileEncoding = 4; lastKnownFileType = sourcecode.swift; path = detailviewbeforeScreen.swift; sourceTree = "<group>"; };
		5B72F7C21DDB694A00BD4AC9 /* detailviewafterScreen.swift */ = {isa = PBXFileReference; fileEncoding = 4; lastKnownFileType = sourcecode.swift; path = detailviewafterScreen.swift; sourceTree = "<group>"; };
		5B72F7C41DDF0D2600BD4AC9 /* mernokinfoPreCons.plist */ = {isa = PBXFileReference; fileEncoding = 4; lastKnownFileType = text.plist.xml; name = mernokinfoPreCons.plist; path = KnowYourProgress/mernokinfoPreCons.plist; sourceTree = "<group>"; };
		5B72F7C61DE0C38800BD4AC9 /* proginfoPreCons.plist */ = {isa = PBXFileReference; fileEncoding = 4; lastKnownFileType = text.plist.xml; name = proginfoPreCons.plist; path = KnowYourProgress/proginfoPreCons.plist; sourceTree = "<group>"; };
		5B72F7C81DE0C39700BD4AC9 /* gazdinfoPreCons.plist */ = {isa = PBXFileReference; fileEncoding = 4; lastKnownFileType = text.plist.xml; name = gazdinfoPreCons.plist; path = KnowYourProgress/gazdinfoPreCons.plist; sourceTree = "<group>"; };
		5BC2B0951DD4AB5D004562C2 /* mainScreen.swift */ = {isa = PBXFileReference; fileEncoding = 4; lastKnownFileType = sourcecode.swift; path = mainScreen.swift; sourceTree = "<group>"; };
		5BC2B0971DD4ABD6004562C2 /* mernokinfoData.plist */ = {isa = PBXFileReference; fileEncoding = 4; lastKnownFileType = text.plist.xml; name = mernokinfoData.plist; path = KnowYourProgress/mernokinfoData.plist; sourceTree = "<group>"; };
		5BC2B09A1DD4BA49004562C2 /* proginfoData.plist */ = {isa = PBXFileReference; fileEncoding = 4; lastKnownFileType = text.plist.xml; name = proginfoData.plist; path = KnowYourProgress/proginfoData.plist; sourceTree = "<group>"; };
		5BC2B09C1DD4BA58004562C2 /* gazdinfoData.plist */ = {isa = PBXFileReference; fileEncoding = 4; lastKnownFileType = text.plist.xml; name = gazdinfoData.plist; path = KnowYourProgress/gazdinfoData.plist; sourceTree = "<group>"; };
/* End PBXFileReference section */

/* Begin PBXFrameworksBuildPhase section */
		5B4463AE1DA2EACE00685365 /* Frameworks */ = {
			isa = PBXFrameworksBuildPhase;
			buildActionMask = 2147483647;
			files = (
			);
			runOnlyForDeploymentPostprocessing = 0;
		};
		5B4463C51DA2EACE00685365 /* Frameworks */ = {
			isa = PBXFrameworksBuildPhase;
			buildActionMask = 2147483647;
			files = (
			);
			runOnlyForDeploymentPostprocessing = 0;
		};
		5B4463D01DA2EACE00685365 /* Frameworks */ = {
			isa = PBXFrameworksBuildPhase;
			buildActionMask = 2147483647;
			files = (
			);
			runOnlyForDeploymentPostprocessing = 0;
		};
/* End PBXFrameworksBuildPhase section */

/* Begin PBXGroup section */
		5B4463A81DA2EACD00685365 = {
			isa = PBXGroup;
			children = (
				5BC2B0991DD4AC4B004562C2 /* datasource */,
				5B4463E71DA2EFBA00685365 /* Pictures */,
				5B4463B31DA2EACE00685365 /* KnowYourProgress */,
				5B4463CB1DA2EACE00685365 /* KnowYourProgressTests */,
				5B4463D61DA2EACE00685365 /* KnowYourProgressUITests */,
				5B4463B21DA2EACE00685365 /* Products */,
			);
			sourceTree = "<group>";
		};
		5B4463B21DA2EACE00685365 /* Products */ = {
			isa = PBXGroup;
			children = (
				5B4463B11DA2EACE00685365 /* KnowYourProgress.app */,
				5B4463C81DA2EACE00685365 /* KnowYourProgressTests.xctest */,
				5B4463D31DA2EACE00685365 /* KnowYourProgressUITests.xctest */,
			);
			name = Products;
			sourceTree = "<group>";
		};
		5B4463B31DA2EACE00685365 /* KnowYourProgress */ = {
			isa = PBXGroup;
			children = (
				5B4463B41DA2EACE00685365 /* AppDelegate.swift */,
				5B4463EC1DA315A300685365 /* register.swift */,
				5B0AEF5C1DD61C7200018F09 /* profileScreen.swift */,
				5B4463EA1DA2FB5800685365 /* launchScreen.swift */,
				5B0AEF5E1DD6476700018F09 /* mainScreenBefore.swift */,
				5BC2B0951DD4AB5D004562C2 /* mainScreen.swift */,
				5B0AEF601DD6477600018F09 /* mainScreenAfter.swift */,
				5B303D631DD7CC040029D931 /* periodsScreen.swift */,
				5B72F7C01DDB693900BD4AC9 /* detailviewbeforeScreen.swift */,
				5B45093B1DD5157E00BC1486 /* detailviewScreen.swift */,
				5B72F7C21DDB694A00BD4AC9 /* detailviewafterScreen.swift */,
				5B4463B61DA2EACE00685365 /* welcome.swift */,
				5B0AEF641DD6A09900018F09 /* Main.storyboard */,
				5B4463BE1DA2EACE00685365 /* Assets.xcassets */,
				5B4463C01DA2EACE00685365 /* LaunchScreen.storyboard */,
				5B4463C31DA2EACE00685365 /* Info.plist */,
				5B4463BB1DA2EACE00685365 /* KnowYourProgress.xcdatamodeld */,
			);
			path = KnowYourProgress;
			sourceTree = "<group>";
		};
		5B4463CB1DA2EACE00685365 /* KnowYourProgressTests */ = {
			isa = PBXGroup;
			children = (
				5B4463CC1DA2EACE00685365 /* KnowYourProgressTests.swift */,
				5B4463CE1DA2EACE00685365 /* Info.plist */,
			);
			path = KnowYourProgressTests;
			sourceTree = "<group>";
		};
		5B4463D61DA2EACE00685365 /* KnowYourProgressUITests */ = {
			isa = PBXGroup;
			children = (
				5B4463D71DA2EACE00685365 /* KnowYourProgressUITests.swift */,
				5B4463D91DA2EACE00685365 /* Info.plist */,
			);
			path = KnowYourProgressUITests;
			sourceTree = "<group>";
		};
		5B4463E71DA2EFBA00685365 /* Pictures */ = {
			isa = PBXGroup;
			children = (
				5B4463E51DA2EFB000685365 /* 489812_Pannonia.jpg */,
			);
			name = Pictures;
			sourceTree = "<group>";
		};
		5BC2B0991DD4AC4B004562C2 /* datasource */ = {
			isa = PBXGroup;
			children = (
				5B72F7C41DDF0D2600BD4AC9 /* mernokinfoPreCons.plist */,
				5BC2B0971DD4ABD6004562C2 /* mernokinfoData.plist */,
				5B72F7C81DE0C39700BD4AC9 /* gazdinfoPreCons.plist */,
				5BC2B09C1DD4BA58004562C2 /* gazdinfoData.plist */,
				5B72F7C61DE0C38800BD4AC9 /* proginfoPreCons.plist */,
				5BC2B09A1DD4BA49004562C2 /* proginfoData.plist */,
			);
			name = datasource;
			sourceTree = "<group>";
		};
/* End PBXGroup section */

/* Begin PBXNativeTarget section */
		5B4463B01DA2EACE00685365 /* KnowYourProgress */ = {
			isa = PBXNativeTarget;
			buildConfigurationList = 5B4463DC1DA2EACE00685365 /* Build configuration list for PBXNativeTarget "KnowYourProgress" */;
			buildPhases = (
				5B4463AD1DA2EACE00685365 /* Sources */,
				5B4463AE1DA2EACE00685365 /* Frameworks */,
				5B4463AF1DA2EACE00685365 /* Resources */,
				5B4463F51DAD47AE00685365 /* Run Script */,
				5B0C12D51DAFA38700B25C9D /* Embed Frameworks */,
			);
			buildRules = (
			);
			dependencies = (
			);
			name = KnowYourProgress;
			productName = KnowYourProgress;
			productReference = 5B4463B11DA2EACE00685365 /* KnowYourProgress.app */;
			productType = "com.apple.product-type.application";
		};
		5B4463C71DA2EACE00685365 /* KnowYourProgressTests */ = {
			isa = PBXNativeTarget;
			buildConfigurationList = 5B4463DF1DA2EACE00685365 /* Build configuration list for PBXNativeTarget "KnowYourProgressTests" */;
			buildPhases = (
				5B4463C41DA2EACE00685365 /* Sources */,
				5B4463C51DA2EACE00685365 /* Frameworks */,
				5B4463C61DA2EACE00685365 /* Resources */,
			);
			buildRules = (
			);
			dependencies = (
				5B4463CA1DA2EACE00685365 /* PBXTargetDependency */,
			);
			name = KnowYourProgressTests;
			productName = KnowYourProgressTests;
			productReference = 5B4463C81DA2EACE00685365 /* KnowYourProgressTests.xctest */;
			productType = "com.apple.product-type.bundle.unit-test";
		};
		5B4463D21DA2EACE00685365 /* KnowYourProgressUITests */ = {
			isa = PBXNativeTarget;
			buildConfigurationList = 5B4463E21DA2EACE00685365 /* Build configuration list for PBXNativeTarget "KnowYourProgressUITests" */;
			buildPhases = (
				5B4463CF1DA2EACE00685365 /* Sources */,
				5B4463D01DA2EACE00685365 /* Frameworks */,
				5B4463D11DA2EACE00685365 /* Resources */,
			);
			buildRules = (
			);
			dependencies = (
				5B4463D51DA2EACE00685365 /* PBXTargetDependency */,
			);
			name = KnowYourProgressUITests;
			productName = KnowYourProgressUITests;
			productReference = 5B4463D31DA2EACE00685365 /* KnowYourProgressUITests.xctest */;
			productType = "com.apple.product-type.bundle.ui-testing";
		};
/* End PBXNativeTarget section */

/* Begin PBXProject section */
		5B4463A91DA2EACD00685365 /* Project object */ = {
			isa = PBXProject;
			attributes = {
				LastSwiftUpdateCheck = 0800;
				LastUpgradeCheck = 0810;
				ORGANIZATIONNAME = "Horváth Richárd";
				TargetAttributes = {
					5B4463B01DA2EACE00685365 = {
						CreatedOnToolsVersion = 8.0;
						DevelopmentTeam = 8MFHSU37AQ;
						ProvisioningStyle = Automatic;
					};
					5B4463C71DA2EACE00685365 = {
						CreatedOnToolsVersion = 8.0;
						ProvisioningStyle = Automatic;
						TestTargetID = 5B4463B01DA2EACE00685365;
					};
					5B4463D21DA2EACE00685365 = {
						CreatedOnToolsVersion = 8.0;
						ProvisioningStyle = Automatic;
						TestTargetID = 5B4463B01DA2EACE00685365;
					};
				};
			};
			buildConfigurationList = 5B4463AC1DA2EACD00685365 /* Build configuration list for PBXProject "KnowYourProgress" */;
			compatibilityVersion = "Xcode 3.2";
			developmentRegion = English;
			hasScannedForEncodings = 0;
			knownRegions = (
				en,
				Base,
			);
			mainGroup = 5B4463A81DA2EACD00685365;
			productRefGroup = 5B4463B21DA2EACE00685365 /* Products */;
			projectDirPath = "";
			projectRoot = "";
			targets = (
				5B4463B01DA2EACE00685365 /* KnowYourProgress */,
				5B4463C71DA2EACE00685365 /* KnowYourProgressTests */,
				5B4463D21DA2EACE00685365 /* KnowYourProgressUITests */,
			);
		};
/* End PBXProject section */

/* Begin PBXResourcesBuildPhase section */
		5B4463AF1DA2EACE00685365 /* Resources */ = {
			isa = PBXResourcesBuildPhase;
			buildActionMask = 2147483647;
			files = (
				5B0AEF661DD6A09900018F09 /* Main.storyboard in Resources */,
				5B4463C21DA2EACE00685365 /* LaunchScreen.storyboard in Resources */,
				5BC2B09D1DD4BA58004562C2 /* gazdinfoData.plist in Resources */,
				5B72F7C71DE0C38800BD4AC9 /* proginfoPreCons.plist in Resources */,
				5B72F7C51DDF0D2600BD4AC9 /* mernokinfoPreCons.plist in Resources */,
				5B72F7C91DE0C39700BD4AC9 /* gazdinfoPreCons.plist in Resources */,
				5B4463E61DA2EFB000685365 /* 489812_Pannonia.jpg in Resources */,
				5B4463BF1DA2EACE00685365 /* Assets.xcassets in Resources */,
				5BC2B0981DD4ABD6004562C2 /* mernokinfoData.plist in Resources */,
				5BC2B09B1DD4BA49004562C2 /* proginfoData.plist in Resources */,
			);
			runOnlyForDeploymentPostprocessing = 0;
		};
		5B4463C61DA2EACE00685365 /* Resources */ = {
			isa = PBXResourcesBuildPhase;
			buildActionMask = 2147483647;
			files = (
			);
			runOnlyForDeploymentPostprocessing = 0;
		};
		5B4463D11DA2EACE00685365 /* Resources */ = {
			isa = PBXResourcesBuildPhase;
			buildActionMask = 2147483647;
			files = (
			);
			runOnlyForDeploymentPostprocessing = 0;
		};
/* End PBXResourcesBuildPhase section */

/* Begin PBXShellScriptBuildPhase section */
		5B4463F51DAD47AE00685365 /* Run Script */ = {
			isa = PBXShellScriptBuildPhase;
			buildActionMask = 2147483647;
			files = (
			);
			inputPaths = (
			);
			name = "Run Script";
			outputPaths = (
			);
			runOnlyForDeploymentPostprocessing = 0;
			shellPath = /bin/sh;
			shellScript = "";
		};
/* End PBXShellScriptBuildPhase section */

/* Begin PBXSourcesBuildPhase section */
		5B4463AD1DA2EACE00685365 /* Sources */ = {
			isa = PBXSourcesBuildPhase;
			buildActionMask = 2147483647;
			files = (
				5B45093C1DD5157E00BC1486 /* detailviewScreen.swift in Sources */,
				5B4463EB1DA2FB5800685365 /* launchScreen.swift in Sources */,
				5B4463B71DA2EACE00685365 /* welcome.swift in Sources */,
				5B4463BD1DA2EACE00685365 /* KnowYourProgress.xcdatamodeld in Sources */,
				5B303D641DD7CC040029D931 /* periodsScreen.swift in Sources */,
				5B72F7C11DDB693900BD4AC9 /* detailviewbeforeScreen.swift in Sources */,
				5B4463B51DA2EACE00685365 /* AppDelegate.swift in Sources */,
				5BC2B0961DD4AB5D004562C2 /* mainScreen.swift in Sources */,
				5B0AEF5F1DD6476700018F09 /* mainScreenBefore.swift in Sources */,
				5B0AEF611DD6477600018F09 /* mainScreenAfter.swift in Sources */,
				5B72F7C31DDB694A00BD4AC9 /* detailviewafterScreen.swift in Sources */,
				5B4463ED1DA315A300685365 /* register.swift in Sources */,
				5B0AEF5D1DD61C7200018F09 /* profileScreen.swift in Sources */,
			);
			runOnlyForDeploymentPostprocessing = 0;
		};
		5B4463C41DA2EACE00685365 /* Sources */ = {
			isa = PBXSourcesBuildPhase;
			buildActionMask = 2147483647;
			files = (
				5B4463CD1DA2EACE00685365 /* KnowYourProgressTests.swift in Sources */,
			);
			runOnlyForDeploymentPostprocessing = 0;
		};
		5B4463CF1DA2EACE00685365 /* Sources */ = {
			isa = PBXSourcesBuildPhase;
			buildActionMask = 2147483647;
			files = (
				5B4463D81DA2EACE00685365 /* KnowYourProgressUITests.swift in Sources */,
			);
			runOnlyForDeploymentPostprocessing = 0;
		};
/* End PBXSourcesBuildPhase section */

/* Begin PBXTargetDependency section */
		5B4463CA1DA2EACE00685365 /* PBXTargetDependency */ = {
			isa = PBXTargetDependency;
			target = 5B4463B01DA2EACE00685365 /* KnowYourProgress */;
			targetProxy = 5B4463C91DA2EACE00685365 /* PBXContainerItemProxy */;
		};
		5B4463D51DA2EACE00685365 /* PBXTargetDependency */ = {
			isa = PBXTargetDependency;
			target = 5B4463B01DA2EACE00685365 /* KnowYourProgress */;
			targetProxy = 5B4463D41DA2EACE00685365 /* PBXContainerItemProxy */;
		};
/* End PBXTargetDependency section */

/* Begin PBXVariantGroup section */
		5B0AEF641DD6A09900018F09 /* Main.storyboard */ = {
			isa = PBXVariantGroup;
			children = (
				5B0AEF651DD6A09900018F09 /* Base */,
			);
			name = Main.storyboard;
			path = ..;
			sourceTree = "<group>";
		};
		5B4463C01DA2EACE00685365 /* LaunchScreen.storyboard */ = {
			isa = PBXVariantGroup;
			children = (
				5B4463C11DA2EACE00685365 /* Base */,
			);
			name = LaunchScreen.storyboard;
			sourceTree = "<group>";
		};
/* End PBXVariantGroup section */

/* Begin XCBuildConfiguration section */
		5B4463DA1DA2EACE00685365 /* Debug */ = {
			isa = XCBuildConfiguration;
			buildSettings = {
				ALWAYS_SEARCH_USER_PATHS = NO;
				CLANG_ANALYZER_NONNULL = YES;
				CLANG_CXX_LANGUAGE_STANDARD = "gnu++0x";
				CLANG_CXX_LIBRARY = "libc++";
				CLANG_ENABLE_MODULES = YES;
				CLANG_ENABLE_OBJC_ARC = YES;
				CLANG_WARN_BOOL_CONVERSION = YES;
				CLANG_WARN_CONSTANT_CONVERSION = YES;
				CLANG_WARN_DIRECT_OBJC_ISA_USAGE = YES_ERROR;
				CLANG_WARN_DOCUMENTATION_COMMENTS = YES;
				CLANG_WARN_EMPTY_BODY = YES;
				CLANG_WARN_ENUM_CONVERSION = YES;
				CLANG_WARN_INFINITE_RECURSION = YES;
				CLANG_WARN_INT_CONVERSION = YES;
				CLANG_WARN_OBJC_ROOT_CLASS = YES_ERROR;
				CLANG_WARN_SUSPICIOUS_MOVE = YES;
				CLANG_WARN_SUSPICIOUS_MOVES = YES;
				CLANG_WARN_UNREACHABLE_CODE = YES;
				CLANG_WARN__DUPLICATE_METHOD_MATCH = YES;
				"CODE_SIGN_IDENTITY[sdk=iphoneos*]" = "iPhone Developer";
				COPY_PHASE_STRIP = NO;
				DEBUG_INFORMATION_FORMAT = dwarf;
				ENABLE_STRICT_OBJC_MSGSEND = YES;
				ENABLE_TESTABILITY = YES;
				GCC_C_LANGUAGE_STANDARD = gnu99;
				GCC_DYNAMIC_NO_PIC = NO;
				GCC_NO_COMMON_BLOCKS = YES;
				GCC_OPTIMIZATION_LEVEL = 0;
				GCC_PREPROCESSOR_DEFINITIONS = (
					"DEBUG=1",
					"$(inherited)",
				);
				GCC_WARN_64_TO_32_BIT_CONVERSION = YES;
				GCC_WARN_ABOUT_RETURN_TYPE = YES_ERROR;
				GCC_WARN_UNDECLARED_SELECTOR = YES;
				GCC_WARN_UNINITIALIZED_AUTOS = YES_AGGRESSIVE;
				GCC_WARN_UNUSED_FUNCTION = YES;
				GCC_WARN_UNUSED_VARIABLE = YES;
				IPHONEOS_DEPLOYMENT_TARGET = 10.0;
				MTL_ENABLE_DEBUG_INFO = YES;
				ONLY_ACTIVE_ARCH = YES;
				SDKROOT = iphoneos;
				SWIFT_ACTIVE_COMPILATION_CONDITIONS = DEBUG;
				SWIFT_OPTIMIZATION_LEVEL = "-Onone";
			};
			name = Debug;
		};
		5B4463DB1DA2EACE00685365 /* Release */ = {
			isa = XCBuildConfiguration;
			buildSettings = {
				ALWAYS_SEARCH_USER_PATHS = NO;
				CLANG_ANALYZER_NONNULL = YES;
				CLANG_CXX_LANGUAGE_STANDARD = "gnu++0x";
				CLANG_CXX_LIBRARY = "libc++";
				CLANG_ENABLE_MODULES = YES;
				CLANG_ENABLE_OBJC_ARC = YES;
				CLANG_WARN_BOOL_CONVERSION = YES;
				CLANG_WARN_CONSTANT_CONVERSION = YES;
				CLANG_WARN_DIRECT_OBJC_ISA_USAGE = YES_ERROR;
				CLANG_WARN_DOCUMENTATION_COMMENTS = YES;
				CLANG_WARN_EMPTY_BODY = YES;
				CLANG_WARN_ENUM_CONVERSION = YES;
				CLANG_WARN_INFINITE_RECURSION = YES;
				CLANG_WARN_INT_CONVERSION = YES;
				CLANG_WARN_OBJC_ROOT_CLASS = YES_ERROR;
				CLANG_WARN_SUSPICIOUS_MOVE = YES;
				CLANG_WARN_SUSPICIOUS_MOVES = YES;
				CLANG_WARN_UNREACHABLE_CODE = YES;
				CLANG_WARN__DUPLICATE_METHOD_MATCH = YES;
				"CODE_SIGN_IDENTITY[sdk=iphoneos*]" = "iPhone Developer";
				COPY_PHASE_STRIP = NO;
				DEBUG_INFORMATION_FORMAT = "dwarf-with-dsym";
				ENABLE_NS_ASSERTIONS = NO;
				ENABLE_STRICT_OBJC_MSGSEND = YES;
				GCC_C_LANGUAGE_STANDARD = gnu99;
				GCC_NO_COMMON_BLOCKS = YES;
				GCC_WARN_64_TO_32_BIT_CONVERSION = YES;
				GCC_WARN_ABOUT_RETURN_TYPE = YES_ERROR;
				GCC_WARN_UNDECLARED_SELECTOR = YES;
				GCC_WARN_UNINITIALIZED_AUTOS = YES_AGGRESSIVE;
				GCC_WARN_UNUSED_FUNCTION = YES;
				GCC_WARN_UNUSED_VARIABLE = YES;
				IPHONEOS_DEPLOYMENT_TARGET = 10.0;
				MTL_ENABLE_DEBUG_INFO = NO;
				SDKROOT = iphoneos;
				SWIFT_OPTIMIZATION_LEVEL = "-Owholemodule";
				VALIDATE_PRODUCT = YES;
			};
			name = Release;
		};
		5B4463DD1DA2EACE00685365 /* Debug */ = {
			isa = XCBuildConfiguration;
			buildSettings = {
				ASSETCATALOG_COMPILER_APPICON_NAME = AppIcon;
				DEVELOPMENT_TEAM = 8MFHSU37AQ;
				FRAMEWORK_SEARCH_PATHS = (
					"$(inherited)",
					"$(PROJECT_DIR)",
				);
				INFOPLIST_FILE = KnowYourProgress/Info.plist;
				LD_RUNPATH_SEARCH_PATHS = "$(inherited) @executable_path/Frameworks";
				PRODUCT_BUNDLE_IDENTIFIER = makeyourlifeeasierproducts.KnowYourProgress;
				PRODUCT_NAME = "$(TARGET_NAME)";
				SWIFT_VERSION = 3.0;
			};
			name = Debug;
		};
		5B4463DE1DA2EACE00685365 /* Release */ = {
			isa = XCBuildConfiguration;
			buildSettings = {
				ASSETCATALOG_COMPILER_APPICON_NAME = AppIcon;
				DEVELOPMENT_TEAM = 8MFHSU37AQ;
				FRAMEWORK_SEARCH_PATHS = (
					"$(inherited)",
					"$(PROJECT_DIR)",
				);
				INFOPLIST_FILE = KnowYourProgress/Info.plist;
				LD_RUNPATH_SEARCH_PATHS = "$(inherited) @executable_path/Frameworks";
				PRODUCT_BUNDLE_IDENTIFIER = makeyourlifeeasierproducts.KnowYourProgress;
				PRODUCT_NAME = "$(TARGET_NAME)";
				SWIFT_VERSION = 3.0;
			};
			name = Release;
		};
		5B4463E01DA2EACE00685365 /* Debug */ = {
			isa = XCBuildConfiguration;
			buildSettings = {
				ALWAYS_EMBED_SWIFT_STANDARD_LIBRARIES = YES;
				BUNDLE_LOADER = "$(TEST_HOST)";
				INFOPLIST_FILE = KnowYourProgressTests/Info.plist;
				LD_RUNPATH_SEARCH_PATHS = "$(inherited) @executable_path/Frameworks @loader_path/Frameworks";
				PRODUCT_BUNDLE_IDENTIFIER = makeyourlifeeasierproducts.KnowYourProgressTests;
				PRODUCT_NAME = "$(TARGET_NAME)";
				SWIFT_VERSION = 3.0;
				TEST_HOST = "$(BUILT_PRODUCTS_DIR)/KnowYourProgress.app/KnowYourProgress";
			};
			name = Debug;
		};
		5B4463E11DA2EACE00685365 /* Release */ = {
			isa = XCBuildConfiguration;
			buildSettings = {
				ALWAYS_EMBED_SWIFT_STANDARD_LIBRARIES = YES;
				BUNDLE_LOADER = "$(TEST_HOST)";
				INFOPLIST_FILE = KnowYourProgressTests/Info.plist;
				LD_RUNPATH_SEARCH_PATHS = "$(inherited) @executable_path/Frameworks @loader_path/Frameworks";
				PRODUCT_BUNDLE_IDENTIFIER = makeyourlifeeasierproducts.KnowYourProgressTests;
				PRODUCT_NAME = "$(TARGET_NAME)";
				SWIFT_VERSION = 3.0;
				TEST_HOST = "$(BUILT_PRODUCTS_DIR)/KnowYourProgress.app/KnowYourProgress";
			};
			name = Release;
		};
		5B4463E31DA2EACE00685365 /* Debug */ = {
			isa = XCBuildConfiguration;
			buildSettings = {
				ALWAYS_EMBED_SWIFT_STANDARD_LIBRARIES = YES;
				INFOPLIST_FILE = KnowYourProgressUITests/Info.plist;
				LD_RUNPATH_SEARCH_PATHS = "$(inherited) @executable_path/Frameworks @loader_path/Frameworks";
				PRODUCT_BUNDLE_IDENTIFIER = makeyourlifeeasierproducts.KnowYourProgressUITests;
				PRODUCT_NAME = "$(TARGET_NAME)";
				SWIFT_VERSION = 3.0;
				TEST_TARGET_NAME = KnowYourProgress;
			};
			name = Debug;
		};
		5B4463E41DA2EACE00685365 /* Release */ = {
			isa = XCBuildConfiguration;
			buildSettings = {
				ALWAYS_EMBED_SWIFT_STANDARD_LIBRARIES = YES;
				INFOPLIST_FILE = KnowYourProgressUITests/Info.plist;
				LD_RUNPATH_SEARCH_PATHS = "$(inherited) @executable_path/Frameworks @loader_path/Frameworks";
				PRODUCT_BUNDLE_IDENTIFIER = makeyourlifeeasierproducts.KnowYourProgressUITests;
				PRODUCT_NAME = "$(TARGET_NAME)";
				SWIFT_VERSION = 3.0;
				TEST_TARGET_NAME = KnowYourProgress;
			};
			name = Release;
		};
/* End XCBuildConfiguration section */

/* Begin XCConfigurationList section */
		5B4463AC1DA2EACD00685365 /* Build configuration list for PBXProject "KnowYourProgress" */ = {
			isa = XCConfigurationList;
			buildConfigurations = (
				5B4463DA1DA2EACE00685365 /* Debug */,
				5B4463DB1DA2EACE00685365 /* Release */,
			);
			defaultConfigurationIsVisible = 0;
			defaultConfigurationName = Release;
		};
		5B4463DC1DA2EACE00685365 /* Build configuration list for PBXNativeTarget "KnowYourProgress" */ = {
			isa = XCConfigurationList;
			buildConfigurations = (
				5B4463DD1DA2EACE00685365 /* Debug */,
				5B4463DE1DA2EACE00685365 /* Release */,
			);
			defaultConfigurationIsVisible = 0;
			defaultConfigurationName = Release;
		};
		5B4463DF1DA2EACE00685365 /* Build configuration list for PBXNativeTarget "KnowYourProgressTests" */ = {
			isa = XCConfigurationList;
			buildConfigurations = (
				5B4463E01DA2EACE00685365 /* Debug */,
				5B4463E11DA2EACE00685365 /* Release */,
			);
			defaultConfigurationIsVisible = 0;
			defaultConfigurationName = Release;
		};
		5B4463E21DA2EACE00685365 /* Build configuration list for PBXNativeTarget "KnowYourProgressUITests" */ = {
			isa = XCConfigurationList;
			buildConfigurations = (
				5B4463E31DA2EACE00685365 /* Debug */,
				5B4463E41DA2EACE00685365 /* Release */,
			);
			defaultConfigurationIsVisible = 0;
			defaultConfigurationName = Release;
		};
/* End XCConfigurationList section */

/* Begin XCVersionGroup section */
		5B4463BB1DA2EACE00685365 /* KnowYourProgress.xcdatamodeld */ = {
			isa = XCVersionGroup;
			children = (
				5B4463BC1DA2EACE00685365 /* KnowYourProgress.xcdatamodel */,
			);
			currentVersion = 5B4463BC1DA2EACE00685365 /* KnowYourProgress.xcdatamodel */;
			path = KnowYourProgress.xcdatamodeld;
			sourceTree = "<group>";
			versionGroupType = wrapper.xcdatamodel;
		};
/* End XCVersionGroup section */
	};
	rootObject = 5B4463A91DA2EACD00685365 /* Project object */;
}
